# THIS IS AN AUTOGENERATED FILE. DO NOT EDIT THIS FILE DIRECTLY.
# yarn lockfile v1


"@types/bluebird@^3.5.19":
  version "3.5.20"
  resolved "https://registry.yarnpkg.com/@types/bluebird/-/bluebird-3.5.20.tgz#f6363172add6f4eabb8cada53ca9af2781e8d6a1"

"@types/mysql@^2.15.2":
  version "2.15.4"
  resolved "https://registry.yarnpkg.com/@types/mysql/-/mysql-2.15.4.tgz#3b4f62a8a9b6e44b01ee3614486a913b65e5dc2b"
  dependencies:
    "@types/node" "*"

"@types/node@*":
  version "10.0.0"
  resolved "https://registry.yarnpkg.com/@types/node/-/node-10.0.0.tgz#c40f8e07dce607d3ef25a626b93a6a7cdcf97881"

async-limiter@~1.0.0:
  version "1.0.0"
  resolved "https://registry.yarnpkg.com/async-limiter/-/async-limiter-1.0.0.tgz#78faed8c3d074ab81f22b4e985d79e8738f720f8"

bignumber.js@4.0.4:
  version "4.0.4"
  resolved "https://registry.yarnpkg.com/bignumber.js/-/bignumber.js-4.0.4.tgz#7c40f5abcd2d6623ab7b99682ee7db81b11889a4"

bluebird@^3.5.0:
  version "3.5.1"
  resolved "https://registry.yarnpkg.com/bluebird/-/bluebird-3.5.1.tgz#d9551f9de98f1fcda1e683d17ee91a0602ee2eb9"

core-util-is@~1.0.0:
  version "1.0.2"
  resolved "https://registry.yarnpkg.com/core-util-is/-/core-util-is-1.0.2.tgz#b5fd54220aa2bc5ab57aab7140c940754503c1a7"

discord.js@^11.3.2:
  version "11.3.2"
  resolved "https://registry.yarnpkg.com/discord.js/-/discord.js-11.3.2.tgz#3c4074c1cb1a4916582fb96ded5ffa1324411f95"
  dependencies:
    long "^4.0.0"
    prism-media "^0.0.2"
    snekfetch "^3.6.4"
    tweetnacl "^1.0.0"
    ws "^4.0.0"

inherits@~2.0.3:
  version "2.0.3"
  resolved "https://registry.yarnpkg.com/inherits/-/inherits-2.0.3.tgz#633c2c83e3da42a502f52466022480f4208261de"

isarray@~1.0.0:
  version "1.0.0"
  resolved "https://registry.yarnpkg.com/isarray/-/isarray-1.0.0.tgz#bb935d48582cba168c06834957a54a3e07124f11"

long@^4.0.0:
  version "4.0.0"
  resolved "https://registry.yarnpkg.com/long/-/long-4.0.0.tgz#9a7b71cfb7d361a194ea555241c92f7468d5bf28"

mysql@^2.14.1:
  version "2.15.0"
  resolved "https://registry.yarnpkg.com/mysql/-/mysql-2.15.0.tgz#ea16841156343e8f2e47fc8985ec41cdd9573b5c"
  dependencies:
    bignumber.js "4.0.4"
    readable-stream "2.3.3"
    safe-buffer "5.1.1"
    sqlstring "2.3.0"

node-env-file@^0.1.8:
  version "0.1.8"
  resolved "https://registry.yarnpkg.com/node-env-file/-/node-env-file-0.1.8.tgz#fccb7b050f735b5a33da9eb937cf6f1ab457fb69"

prism-media@^0.0.2:
  version "0.0.2"
  resolved "https://registry.yarnpkg.com/prism-media/-/prism-media-0.0.2.tgz#aa917b084576c4df6488e4ea8e7d6d44aed4b411"

process-nextick-args@~1.0.6:
  version "1.0.7"
  resolved "https://registry.yarnpkg.com/process-nextick-args/-/process-nextick-args-1.0.7.tgz#150e20b756590ad3f91093f25a4f2ad8bff30ba3"

promise-mysql@^3.2.1:
  version "3.2.1"
  resolved "https://registry.yarnpkg.com/promise-mysql/-/promise-mysql-3.2.1.tgz#928dd7920d6e789a477f904b41d29b50f9636d1e"
  dependencies:
    "@types/bluebird" "^3.5.19"
    "@types/mysql" "^2.15.2"
    bluebird "^3.5.0"
    mysql "^2.14.1"

readable-stream@2.3.3:
  version "2.3.3"
  resolved "https://registry.yarnpkg.com/readable-stream/-/readable-stream-2.3.3.tgz#368f2512d79f9d46fdfc71349ae7878bbc1eb95c"
  dependencies:
    core-util-is "~1.0.0"
    inherits "~2.0.3"
    isarray "~1.0.0"
    process-nextick-args "~1.0.6"
    safe-buffer "~5.1.1"
    string_decoder "~1.0.3"
    util-deprecate "~1.0.1"

safe-buffer@5.1.1:
  version "5.1.1"
  resolved "https://registry.yarnpkg.com/safe-buffer/-/safe-buffer-5.1.1.tgz#893312af69b2123def71f57889001671eeb2c853"

safe-buffer@~5.1.0, safe-buffer@~5.1.1:
  version "5.1.2"
  resolved "https://registry.yarnpkg.com/safe-buffer/-/safe-buffer-5.1.2.tgz#991ec69d296e0313747d59bdfd2b745c35f8828d"

snekfetch@^3.6.4:
  version "3.6.4"
  resolved "https://registry.yarnpkg.com/snekfetch/-/snekfetch-3.6.4.tgz#d13e80a616d892f3d38daae4289f4d258a645120"

sqlstring@2.3.0:
  version "2.3.0"
  resolved "https://registry.yarnpkg.com/sqlstring/-/sqlstring-2.3.0.tgz#525b8a4fd26d6f71aa61e822a6caf976d31ad2a8"

string_decoder@~1.0.3:
  version "1.0.3"
  resolved "https://registry.yarnpkg.com/string_decoder/-/string_decoder-1.0.3.tgz#0fc67d7c141825de94282dd536bec6b9bce860ab"
  dependencies:
    safe-buffer "~5.1.0"

tweetnacl@^1.0.0:
  version "1.0.0"
  resolved "https://registry.yarnpkg.com/tweetnacl/-/tweetnacl-1.0.0.tgz#713d8b818da42068740bf68386d0479e66fc8a7b"

util-deprecate@~1.0.1:
  version "1.0.2"
  resolved "https://registry.yarnpkg.com/util-deprecate/-/util-deprecate-1.0.2.tgz#450d4dc9fa70de732762fbd2d4a28981419a0ccf"

ws@^4.0.0:
  version "4.1.0"
  resolved "https://registry.yarnpkg.com/ws/-/ws-4.1.0.tgz#a979b5d7d4da68bf54efe0408967c324869a7289"
  dependencies:
    async-limiter "~1.0.0"
    safe-buffer "~5.1.0"
